
Microsoft Visual Studio Solution File, Format Version 12.00
# Visual Studio Version 17
VisualStudioVersion = 17.1.32210.238
MinimumVisualStudioVersion = 10.0.40219.1
Project("{9A19103F-16F7-4668-BE54-9A1E7A4F7556}") = "TourPlanner", "TourPlanner\TourPlanner.csproj", "{8773A548-CF5C-477A-B436-ABA0AC41385E}"
EndProject
Project("{2150E333-8FDC-42A3-9474-1A3956D46DE8}") = "src", "src", "{C7FBA189-DB25-447A-A75C-4BA23D847054}"
EndProject
Project("{2150E333-8FDC-42A3-9474-1A3956D46DE8}") = "tests", "tests", "{A5AFF77F-EA52-46D7-B338-98E3B47F802F}"
EndProject
Project("{9A19103F-16F7-4668-BE54-9A1E7A4F7556}") = "TourPlanner.BusinessLayer", "TourPlanner.BusinessLayer\TourPlanner.BusinessLayer.csproj", "{BA99384D-92D1-4E17-A0E0-83205520A972}"
EndProject
Project("{9A19103F-16F7-4668-BE54-9A1E7A4F7556}") = "TourPlanner.DataAccessLayer", "TourPlanner.DataAccessLayer\TourPlanner.DataAccessLayer.csproj", "{07801A36-CED0-4BB0-8B4F-509003B8E8E3}"
EndProject
Project("{9A19103F-16F7-4668-BE54-9A1E7A4F7556}") = "TourPlanner.Tests", "..\TourPlanner.Tests\TourPlanner.Tests\TourPlanner.Tests.csproj", "{75A74559-8294-49D2-A295-A63AC7765E6E}"
EndProject
Project("{9A19103F-16F7-4668-BE54-9A1E7A4F7556}") = "TourPlannerBL.Tests", "..\TourPlanner.Tests\TourPlanner.BusinessLayer.Tests\TourPlannerBL.Tests.csproj", "{295084B4-31F2-417F-A542-20B342B696E7}"
EndProject
Project("{FAE04EC0-301F-11D3-BF4B-00C04F79EFBC}") = "TourPlanner.Models", "TourPlanner.Modelss\TourPlanner.Models.csproj", "{38006610-6152-4E94-BB34-7DCA7E2BEF35}"
EndProject
Project("{FAE04EC0-301F-11D3-BF4B-00C04F79EFBC}") = "TourPlanner.DataAccessLayer.REST", "TourPlanner.DataAccessLayer.REST\TourPlanner.DataAccessLayer.REST.csproj", "{C23F1016-B501-4CCE-BF18-85D052C5D54F}"
EndProject
Global
	GlobalSection(SolutionConfigurationPlatforms) = preSolution
		Debug|Any CPU = Debug|Any CPU
		Release|Any CPU = Release|Any CPU
	EndGlobalSection
	GlobalSection(ProjectConfigurationPlatforms) = postSolution
		{8773A548-CF5C-477A-B436-ABA0AC41385E}.Debug|Any CPU.ActiveCfg = Debug|Any CPU
		{8773A548-CF5C-477A-B436-ABA0AC41385E}.Debug|Any CPU.Build.0 = Debug|Any CPU
		{8773A548-CF5C-477A-B436-ABA0AC41385E}.Release|Any CPU.ActiveCfg = Release|Any CPU
		{8773A548-CF5C-477A-B436-ABA0AC41385E}.Release|Any CPU.Build.0 = Release|Any CPU
		{BA99384D-92D1-4E17-A0E0-83205520A972}.Debug|Any CPU.ActiveCfg = Debug|Any CPU
		{BA99384D-92D1-4E17-A0E0-83205520A972}.Debug|Any CPU.Build.0 = Debug|Any CPU
		{BA99384D-92D1-4E17-A0E0-83205520A972}.Release|Any CPU.ActiveCfg = Release|Any CPU
		{BA99384D-92D1-4E17-A0E0-83205520A972}.Release|Any CPU.Build.0 = Release|Any CPU
		{07801A36-CED0-4BB0-8B4F-509003B8E8E3}.Debug|Any CPU.ActiveCfg = Debug|Any CPU
		{07801A36-CED0-4BB0-8B4F-509003B8E8E3}.Debug|Any CPU.Build.0 = Debug|Any CPU
		{07801A36-CED0-4BB0-8B4F-509003B8E8E3}.Release|Any CPU.ActiveCfg = Release|Any CPU
		{07801A36-CED0-4BB0-8B4F-509003B8E8E3}.Release|Any CPU.Build.0 = Release|Any CPU
		{75A74559-8294-49D2-A295-A63AC7765E6E}.Debug|Any CPU.ActiveCfg = Debug|Any CPU
		{75A74559-8294-49D2-A295-A63AC7765E6E}.Debug|Any CPU.Build.0 = Debug|Any CPU
		{75A74559-8294-49D2-A295-A63AC7765E6E}.Release|Any CPU.ActiveCfg = Release|Any CPU
		{75A74559-8294-49D2-A295-A63AC7765E6E}.Release|Any CPU.Build.0 = Release|Any CPU
		{295084B4-31F2-417F-A542-20B342B696E7}.Debug|Any CPU.ActiveCfg = Debug|Any CPU
		{295084B4-31F2-417F-A542-20B342B696E7}.Debug|Any CPU.Build.0 = Debug|Any CPU
		{295084B4-31F2-417F-A542-20B342B696E7}.Release|Any CPU.ActiveCfg = Release|Any CPU
		{295084B4-31F2-417F-A542-20B342B696E7}.Release|Any CPU.Build.0 = Release|Any CPU
		{38006610-6152-4E94-BB34-7DCA7E2BEF35}.Debug|Any CPU.ActiveCfg = Debug|Any CPU
		{38006610-6152-4E94-BB34-7DCA7E2BEF35}.Debug|Any CPU.Build.0 = Debug|Any CPU
		{38006610-6152-4E94-BB34-7DCA7E2BEF35}.Release|Any CPU.ActiveCfg = Release|Any CPU
		{38006610-6152-4E94-BB34-7DCA7E2BEF35}.Release|Any CPU.Build.0 = Release|Any CPU
		{C23F1016-B501-4CCE-BF18-85D052C5D54F}.Debug|Any CPU.ActiveCfg = Debug|Any CPU
		{C23F1016-B501-4CCE-BF18-85D052C5D54F}.Debug|Any CPU.Build.0 = Debug|Any CPU
		{C23F1016-B501-4CCE-BF18-85D052C5D54F}.Release|Any CPU.ActiveCfg = Release|Any CPU
		{C23F1016-B501-4CCE-BF18-85D052C5D54F}.Release|Any CPU.Build.0 = Release|Any CPU
	EndGlobalSection
	GlobalSection(SolutionProperties) = preSolution
		HideSolutionNode = FALSE
	EndGlobalSection
	GlobalSection(NestedProjects) = preSolution
		{8773A548-CF5C-477A-B436-ABA0AC41385E} = {C7FBA189-DB25-447A-A75C-4BA23D847054}
		{BA99384D-92D1-4E17-A0E0-83205520A972} = {C7FBA189-DB25-447A-A75C-4BA23D847054}
		{07801A36-CED0-4BB0-8B4F-509003B8E8E3} = {C7FBA189-DB25-447A-A75C-4BA23D847054}
		{75A74559-8294-49D2-A295-A63AC7765E6E} = {A5AFF77F-EA52-46D7-B338-98E3B47F802F}
		{295084B4-31F2-417F-A542-20B342B696E7} = {A5AFF77F-EA52-46D7-B338-98E3B47F802F}
		{38006610-6152-4E94-BB34-7DCA7E2BEF35} = {C7FBA189-DB25-447A-A75C-4BA23D847054}
		{C23F1016-B501-4CCE-BF18-85D052C5D54F} = {C7FBA189-DB25-447A-A75C-4BA23D847054}
	EndGlobalSection
	GlobalSection(ExtensibilityGlobals) = postSolution
		SolutionGuid = {D72FFB10-3EF9-4C62-AC68-A8145A357D07}
	EndGlobalSection
EndGlobal
